// !$*UTF8*$!
{
	archiveVersion = 1;
	classes = {
	};
	objectVersion = 56;
	objects = {

/* Begin PBXBuildFile section */
		8F19B65629C93B4500EF6F85 /* SwiftUI_MVVM_TestApp.swift in Sources */ = {isa = PBXBuildFile; fileRef = 8F19B65529C93B4500EF6F85 /* SwiftUI_MVVM_TestApp.swift */; };
		8F19B65829C93B4500EF6F85 /* MainView.swift in Sources */ = {isa = PBXBuildFile; fileRef = 8F19B65729C93B4500EF6F85 /* MainView.swift */; };
		8F19B65A29C93B4600EF6F85 /* Assets.xcassets in Resources */ = {isa = PBXBuildFile; fileRef = 8F19B65929C93B4600EF6F85 /* Assets.xcassets */; };
		8F19B65D29C93B4600EF6F85 /* Preview Assets.xcassets in Resources */ = {isa = PBXBuildFile; fileRef = 8F19B65C29C93B4600EF6F85 /* Preview Assets.xcassets */; };
		8F19B66A29C93EB000EF6F85 /* Sound.swift in Sources */ = {isa = PBXBuildFile; fileRef = 8F19B66929C93EB000EF6F85 /* Sound.swift */; };
		8F19B66C29C93F3F00EF6F85 /* MusicViewModel.swift in Sources */ = {isa = PBXBuildFile; fileRef = 8F19B66B29C93F3F00EF6F85 /* MusicViewModel.swift */; };
		8F19B66F29C942C700EF6F85 /* Wave.mp3 in Resources */ = {isa = PBXBuildFile; fileRef = 8F19B66E29C942C700EF6F85 /* Wave.mp3 */; };
		8F19B67129C942D700EF6F85 /* Stream.mp3 in Resources */ = {isa = PBXBuildFile; fileRef = 8F19B67029C942D700EF6F85 /* Stream.mp3 */; };
		8F19B67329C9430100EF6F85 /* Ambient.mp3 in Resources */ = {isa = PBXBuildFile; fileRef = 8F19B67229C9430100EF6F85 /* Ambient.mp3 */; };
		8F19B67629C9436600EF6F85 /* AudioManager.swift in Sources */ = {isa = PBXBuildFile; fileRef = 8F19B67529C9436600EF6F85 /* AudioManager.swift */; };
		8F1A4F4029CAF2F10018BA0D /* Person.swift in Sources */ = {isa = PBXBuildFile; fileRef = 8F1A4F3F29CAF2F10018BA0D /* Person.swift */; };
		8F1A4F4429CAF5940018BA0D /* PersonViewModel.swift in Sources */ = {isa = PBXBuildFile; fileRef = 8F1A4F4329CAF5940018BA0D /* PersonViewModel.swift */; };
/* End PBXBuildFile section */

/* Begin PBXFileReference section */
		8F19B65229C93B4500EF6F85 /* SwiftUI-MVVM-Test.app */ = {isa = PBXFileReference; explicitFileType = wrapper.application; includeInIndex = 0; path = "SwiftUI-MVVM-Test.app"; sourceTree = BUILT_PRODUCTS_DIR; };
		8F19B65529C93B4500EF6F85 /* SwiftUI_MVVM_TestApp.swift */ = {isa = PBXFileReference; lastKnownFileType = sourcecode.swift; path = SwiftUI_MVVM_TestApp.swift; sourceTree = "<group>"; };
		8F19B65729C93B4500EF6F85 /* MainView.swift */ = {isa = PBXFileReference; lastKnownFileType = sourcecode.swift; path = MainView.swift; sourceTree = "<group>"; };
		8F19B65929C93B4600EF6F85 /* Assets.xcassets */ = {isa = PBXFileReference; lastKnownFileType = folder.assetcatalog; path = Assets.xcassets; sourceTree = "<group>"; };
		8F19B65C29C93B4600EF6F85 /* Preview Assets.xcassets */ = {isa = PBXFileReference; lastKnownFileType = folder.assetcatalog; path = "Preview Assets.xcassets"; sourceTree = "<group>"; };
		8F19B66929C93EB000EF6F85 /* Sound.swift */ = {isa = PBXFileReference; lastKnownFileType = sourcecode.swift; path = Sound.swift; sourceTree = "<group>"; };
		8F19B66B29C93F3F00EF6F85 /* MusicViewModel.swift */ = {isa = PBXFileReference; lastKnownFileType = sourcecode.swift; path = MusicViewModel.swift; sourceTree = "<group>"; };
		8F19B66E29C942C700EF6F85 /* Wave.mp3 */ = {isa = PBXFileReference; lastKnownFileType = audio.mp3; path = Wave.mp3; sourceTree = "<group>"; };
		8F19B67029C942D700EF6F85 /* Stream.mp3 */ = {isa = PBXFileReference; lastKnownFileType = audio.mp3; path = Stream.mp3; sourceTree = "<group>"; };
		8F19B67229C9430100EF6F85 /* Ambient.mp3 */ = {isa = PBXFileReference; lastKnownFileType = audio.mp3; path = Ambient.mp3; sourceTree = "<group>"; };
		8F19B67529C9436600EF6F85 /* AudioManager.swift */ = {isa = PBXFileReference; lastKnownFileType = sourcecode.swift; path = AudioManager.swift; sourceTree = "<group>"; };
		8F1A4F3F29CAF2F10018BA0D /* Person.swift */ = {isa = PBXFileReference; lastKnownFileType = sourcecode.swift; path = Person.swift; sourceTree = "<group>"; };
		8F1A4F4329CAF5940018BA0D /* PersonViewModel.swift */ = {isa = PBXFileReference; lastKnownFileType = sourcecode.swift; path = PersonViewModel.swift; sourceTree = "<group>"; };
/* End PBXFileReference section */

/* Begin PBXFrameworksBuildPhase section */
		8F19B64F29C93B4500EF6F85 /* Frameworks */ = {
			isa = PBXFrameworksBuildPhase;
			buildActionMask = 2147483647;
			files = (
			);
			runOnlyForDeploymentPostprocessing = 0;
		};
/* End PBXFrameworksBuildPhase section */

/* Begin PBXGroup section */
		8F19B64929C93B4400EF6F85 = {
			isa = PBXGroup;
			children = (
				8F19B65429C93B4500EF6F85 /* SwiftUI-MVVM-Test */,
				8F19B65329C93B4500EF6F85 /* Products */,
			);
			sourceTree = "<group>";
		};
		8F19B65329C93B4500EF6F85 /* Products */ = {
			isa = PBXGroup;
			children = (
				8F19B65229C93B4500EF6F85 /* SwiftUI-MVVM-Test.app */,
			);
			name = Products;
			sourceTree = "<group>";
		};
		8F19B65429C93B4500EF6F85 /* SwiftUI-MVVM-Test */ = {
			isa = PBXGroup;
			children = (
				8F19B66829C93C3600EF6F85 /* Sources */,
				8F19B66429C93B6C00EF6F85 /* Resources */,
				8F19B65B29C93B4600EF6F85 /* Preview Content */,
			);
			path = "SwiftUI-MVVM-Test";
			sourceTree = "<group>";
		};
		8F19B65B29C93B4600EF6F85 /* Preview Content */ = {
			isa = PBXGroup;
			children = (
				8F19B65C29C93B4600EF6F85 /* Preview Assets.xcassets */,
			);
			path = "Preview Content";
			sourceTree = "<group>";
		};
		8F19B66329C93B5700EF6F85 /* App */ = {
			isa = PBXGroup;
			children = (
				8F19B65529C93B4500EF6F85 /* SwiftUI_MVVM_TestApp.swift */,
			);
			path = App;
			sourceTree = "<group>";
		};
		8F19B66429C93B6C00EF6F85 /* Resources */ = {
			isa = PBXGroup;
			children = (
				8F19B66D29C9429D00EF6F85 /* Sounds */,
				8F19B65929C93B4600EF6F85 /* Assets.xcassets */,
			);
			path = Resources;
			sourceTree = "<group>";
		};
		8F19B66529C93B7700EF6F85 /* Views */ = {
			isa = PBXGroup;
			children = (
				8F19B65729C93B4500EF6F85 /* MainView.swift */,
			);
			path = Views;
			sourceTree = "<group>";
		};
		8F19B66629C93B7E00EF6F85 /* Models */ = {
			isa = PBXGroup;
			children = (
				8F19B66929C93EB000EF6F85 /* Sound.swift */,
				8F1A4F3F29CAF2F10018BA0D /* Person.swift */,
			);
			path = Models;
			sourceTree = "<group>";
		};
		8F19B66729C93B8700EF6F85 /* ViewModels */ = {
			isa = PBXGroup;
			children = (
				8F19B66B29C93F3F00EF6F85 /* MusicViewModel.swift */,
				8F1A4F4329CAF5940018BA0D /* PersonViewModel.swift */,
			);
			path = ViewModels;
			sourceTree = "<group>";
		};
		8F19B66829C93C3600EF6F85 /* Sources */ = {
			isa = PBXGroup;
			children = (
				8F19B67429C9435900EF6F85 /* Manager */,
				8F19B66329C93B5700EF6F85 /* App */,
				8F19B66529C93B7700EF6F85 /* Views */,
				8F19B66629C93B7E00EF6F85 /* Models */,
				8F19B66729C93B8700EF6F85 /* ViewModels */,
			);
			path = Sources;
			sourceTree = "<group>";
		};
		8F19B66D29C9429D00EF6F85 /* Sounds */ = {
			isa = PBXGroup;
			children = (
				8F19B67029C942D700EF6F85 /* Stream.mp3 */,
				8F19B66E29C942C700EF6F85 /* Wave.mp3 */,
				8F19B67229C9430100EF6F85 /* Ambient.mp3 */,
			);
			path = Sounds;
			sourceTree = "<group>";
		};
		8F19B67429C9435900EF6F85 /* Manager */ = {
			isa = PBXGroup;
			children = (
				8F19B67529C9436600EF6F85 /* AudioManager.swift */,
			);
			path = Manager;
			sourceTree = "<group>";
		};
/* End PBXGroup section */

/* Begin PBXNativeTarget section */
		8F19B65129C93B4500EF6F85 /* SwiftUI-MVVM-Test */ = {
			isa = PBXNativeTarget;
			buildConfigurationList = 8F19B66029C93B4600EF6F85 /* Build configuration list for PBXNativeTarget "SwiftUI-MVVM-Test" */;
			buildPhases = (
				8F19B64E29C93B4500EF6F85 /* Sources */,
				8F19B64F29C93B4500EF6F85 /* Frameworks */,
				8F19B65029C93B4500EF6F85 /* Resources */,
			);
			buildRules = (
			);
			dependencies = (
			);
			name = "SwiftUI-MVVM-Test";
			productName = "SwiftUI-MVVM-Test";
			productReference = 8F19B65229C93B4500EF6F85 /* SwiftUI-MVVM-Test.app */;
			productType = "com.apple.product-type.application";
		};
/* End PBXNativeTarget section */

/* Begin PBXProject section */
		8F19B64A29C93B4400EF6F85 /* Project object */ = {
			isa = PBXProject;
			attributes = {
				BuildIndependentTargetsInParallel = 1;
				LastSwiftUpdateCheck = 1420;
				LastUpgradeCheck = 1420;
				TargetAttributes = {
					8F19B65129C93B4500EF6F85 = {
						CreatedOnToolsVersion = 14.2;
					};
				};
			};
			buildConfigurationList = 8F19B64D29C93B4400EF6F85 /* Build configuration list for PBXProject "SwiftUI-MVVM-Test" */;
			compatibilityVersion = "Xcode 14.0";
			developmentRegion = en;
			hasScannedForEncodings = 0;
			knownRegions = (
				en,
				Base,
			);
			mainGroup = 8F19B64929C93B4400EF6F85;
			productRefGroup = 8F19B65329C93B4500EF6F85 /* Products */;
			projectDirPath = "";
			projectRoot = "";
			targets = (
				8F19B65129C93B4500EF6F85 /* SwiftUI-MVVM-Test */,
			);
		};
/* End PBXProject section */

/* Begin PBXResourcesBuildPhase section */
		8F19B65029C93B4500EF6F85 /* Resources */ = {
			isa = PBXResourcesBuildPhase;
			buildActionMask = 2147483647;
			files = (
				8F19B67129C942D700EF6F85 /* Stream.mp3 in Resources */,
				8F19B67329C9430100EF6F85 /* Ambient.mp3 in Resources */,
				8F19B66F29C942C700EF6F85 /* Wave.mp3 in Resources */,
				8F19B65D29C93B4600EF6F85 /* Preview Assets.xcassets in Resources */,
				8F19B65A29C93B4600EF6F85 /* Assets.xcassets in Resources */,
			);
			runOnlyForDeploymentPostprocessing = 0;
		};
/* End PBXResourcesBuildPhase section */

/* Begin PBXSourcesBuildPhase section */
		8F19B64E29C93B4500EF6F85 /* Sources */ = {
			isa = PBXSourcesBuildPhase;
			buildActionMask = 2147483647;
			files = (
				8F1A4F4029CAF2F10018BA0D /* Person.swift in Sources */,
				8F19B66C29C93F3F00EF6F85 /* MusicViewModel.swift in Sources */,
				8F19B65829C93B4500EF6F85 /* MainView.swift in Sources */,
				8F19B66A29C93EB000EF6F85 /* Sound.swift in Sources */,
				8F19B67629C9436600EF6F85 /* AudioManager.swift in Sources */,
				8F19B65629C93B4500EF6F85 /* SwiftUI_MVVM_TestApp.swift in Sources */,
				8F1A4F4429CAF5940018BA0D /* PersonViewModel.swift in Sources */,
			);
			runOnlyForDeploymentPostprocessing = 0;
		};
/* End PBXSourcesBuildPhase section */

/* Begin XCBuildConfiguration section */
		8F19B65E29C93B4600EF6F85 /* Debug */ = {
			isa = XCBuildConfiguration;
			buildSettings = {
				ALWAYS_SEARCH_USER_PATHS = NO;
				CLANG_ANALYZER_NONNULL = YES;
				CLANG_ANALYZER_NUMBER_OBJECT_CONVERSION = YES_AGGRESSIVE;
				CLANG_CXX_LANGUAGE_STANDARD = "gnu++20";
				CLANG_ENABLE_MODULES = YES;
				CLANG_ENABLE_OBJC_ARC = YES;
				CLANG_ENABLE_OBJC_WEAK = YES;
				CLANG_WARN_BLOCK_CAPTURE_AUTORELEASING = YES;
				CLANG_WARN_BOOL_CONVERSION = YES;
				CLANG_WARN_COMMA = YES;
				CLANG_WARN_CONSTANT_CONVERSION = YES;
				CLANG_WARN_DEPRECATED_OBJC_IMPLEMENTATIONS = YES;
				CLANG_WARN_DIRECT_OBJC_ISA_USAGE = YES_ERROR;
				CLANG_WARN_DOCUMENTATION_COMMENTS = YES;
				CLANG_WARN_EMPTY_BODY = YES;
				CLANG_WARN_ENUM_CONVERSION = YES;
				CLANG_WARN_INFINITE_RECURSION = YES;
				CLANG_WARN_INT_CONVERSION = YES;
				CLANG_WARN_NON_LITERAL_NULL_CONVERSION = YES;
				CLANG_WARN_OBJC_IMPLICIT_RETAIN_SELF = YES;
				CLANG_WARN_OBJC_LITERAL_CONVERSION = YES;
				CLANG_WARN_OBJC_ROOT_CLASS = YES_ERROR;
				CLANG_WARN_QUOTED_INCLUDE_IN_FRAMEWORK_HEADER = YES;
				CLANG_WARN_RANGE_LOOP_ANALYSIS = YES;
				CLANG_WARN_STRICT_PROTOTYPES = YES;
				CLANG_WARN_SUSPICIOUS_MOVE = YES;
				CLANG_WARN_UNGUARDED_AVAILABILITY = YES_AGGRESSIVE;
				CLANG_WARN_UNREACHABLE_CODE = YES;
				CLANG_WARN__DUPLICATE_METHOD_MATCH = YES;
				COPY_PHASE_STRIP = NO;
				DEBUG_INFORMATION_FORMAT = dwarf;
				ENABLE_STRICT_OBJC_MSGSEND = YES;
				ENABLE_TESTABILITY = YES;
				GCC_C_LANGUAGE_STANDARD = gnu11;
				GCC_DYNAMIC_NO_PIC = NO;
				GCC_NO_COMMON_BLOCKS = YES;
				GCC_OPTIMIZATION_LEVEL = 0;
				GCC_PREPROCESSOR_DEFINITIONS = (
					"DEBUG=1",
					"$(inherited)",
				);
				GCC_WARN_64_TO_32_BIT_CONVERSION = YES;
				GCC_WARN_ABOUT_RETURN_TYPE = YES_ERROR;
				GCC_WARN_UNDECLARED_SELECTOR = YES;
				GCC_WARN_UNINITIALIZED_AUTOS = YES_AGGRESSIVE;
				GCC_WARN_UNUSED_FUNCTION = YES;
				GCC_WARN_UNUSED_VARIABLE = YES;
				IPHONEOS_DEPLOYMENT_TARGET = 16.2;
				MTL_ENABLE_DEBUG_INFO = INCLUDE_SOURCE;
				MTL_FAST_MATH = YES;
				ONLY_ACTIVE_ARCH = YES;
				SDKROOT = iphoneos;
				SWIFT_ACTIVE_COMPILATION_CONDITIONS = DEBUG;
				SWIFT_OPTIMIZATION_LEVEL = "-Onone";
			};
			name = Debug;
		};
		8F19B65F29C93B4600EF6F85 /* Release */ = {
			isa = XCBuildConfiguration;
			buildSettings = {
				ALWAYS_SEARCH_USER_PATHS = NO;
				CLANG_ANALYZER_NONNULL = YES;
				CLANG_ANALYZER_NUMBER_OBJECT_CONVERSION = YES_AGGRESSIVE;
				CLANG_CXX_LANGUAGE_STANDARD = "gnu++20";
				CLANG_ENABLE_MODULES = YES;
				CLANG_ENABLE_OBJC_ARC = YES;
				CLANG_ENABLE_OBJC_WEAK = YES;
				CLANG_WARN_BLOCK_CAPTURE_AUTORELEASING = YES;
				CLANG_WARN_BOOL_CONVERSION = YES;
				CLANG_WARN_COMMA = YES;
				CLANG_WARN_CONSTANT_CONVERSION = YES;
				CLANG_WARN_DEPRECATED_OBJC_IMPLEMENTATIONS = YES;
				CLANG_WARN_DIRECT_OBJC_ISA_USAGE = YES_ERROR;
				CLANG_WARN_DOCUMENTATION_COMMENTS = YES;
				CLANG_WARN_EMPTY_BODY = YES;
				CLANG_WARN_ENUM_CONVERSION = YES;
				CLANG_WARN_INFINITE_RECURSION = YES;
				CLANG_WARN_INT_CONVERSION = YES;
				CLANG_WARN_NON_LITERAL_NULL_CONVERSION = YES;
				CLANG_WARN_OBJC_IMPLICIT_RETAIN_SELF = YES;
				CLANG_WARN_OBJC_LITERAL_CONVERSION = YES;
				CLANG_WARN_OBJC_ROOT_CLASS = YES_ERROR;
				CLANG_WARN_QUOTED_INCLUDE_IN_FRAMEWORK_HEADER = YES;
				CLANG_WARN_RANGE_LOOP_ANALYSIS = YES;
				CLANG_WARN_STRICT_PROTOTYPES = YES;
				CLANG_WARN_SUSPICIOUS_MOVE = YES;
				CLANG_WARN_UNGUARDED_AVAILABILITY = YES_AGGRESSIVE;
				CLANG_WARN_UNREACHABLE_CODE = YES;
				CLANG_WARN__DUPLICATE_METHOD_MATCH = YES;
				COPY_PHASE_STRIP = NO;
				DEBUG_INFORMATION_FORMAT = "dwarf-with-dsym";
				ENABLE_NS_ASSERTIONS = NO;
				ENABLE_STRICT_OBJC_MSGSEND = YES;
				GCC_C_LANGUAGE_STANDARD = gnu11;
				GCC_NO_COMMON_BLOCKS = YES;
				GCC_WARN_64_TO_32_BIT_CONVERSION = YES;
				GCC_WARN_ABOUT_RETURN_TYPE = YES_ERROR;
				GCC_WARN_UNDECLARED_SELECTOR = YES;
				GCC_WARN_UNINITIALIZED_AUTOS = YES_AGGRESSIVE;
				GCC_WARN_UNUSED_FUNCTION = YES;
				GCC_WARN_UNUSED_VARIABLE = YES;
				IPHONEOS_DEPLOYMENT_TARGET = 16.2;
				MTL_ENABLE_DEBUG_INFO = NO;
				MTL_FAST_MATH = YES;
				SDKROOT = iphoneos;
				SWIFT_COMPILATION_MODE = wholemodule;
				SWIFT_OPTIMIZATION_LEVEL = "-O";
				VALIDATE_PRODUCT = YES;
			};
			name = Release;
		};
		8F19B66129C93B4600EF6F85 /* Debug */ = {
			isa = XCBuildConfiguration;
			buildSettings = {
				ASSETCATALOG_COMPILER_APPICON_NAME = AppIcon;
				ASSETCATALOG_COMPILER_GLOBAL_ACCENT_COLOR_NAME = AccentColor;
				CODE_SIGN_STYLE = Automatic;
				CURRENT_PROJECT_VERSION = 1;
				DEVELOPMENT_ASSET_PATHS = "\"SwiftUI-MVVM-Test/Preview Content\"";
				DEVELOPMENT_TEAM = 62SDS28JUT;
				ENABLE_PREVIEWS = YES;
				GENERATE_INFOPLIST_FILE = YES;
				INFOPLIST_KEY_UIApplicationSceneManifest_Generation = YES;
				INFOPLIST_KEY_UIApplicationSupportsIndirectInputEvents = YES;
				INFOPLIST_KEY_UILaunchScreen_Generation = YES;
				INFOPLIST_KEY_UISupportedInterfaceOrientations_iPad = "UIInterfaceOrientationPortrait UIInterfaceOrientationPortraitUpsideDown UIInterfaceOrientationLandscapeLeft UIInterfaceOrientationLandscapeRight";
				INFOPLIST_KEY_UISupportedInterfaceOrientations_iPhone = "UIInterfaceOrientationPortrait UIInterfaceOrientationLandscapeLeft UIInterfaceOrientationLandscapeRight";
				LD_RUNPATH_SEARCH_PATHS = (
					"$(inherited)",
					"@executable_path/Frameworks",
				);
				MARKETING_VERSION = 1.0;
				PRODUCT_BUNDLE_IDENTIFIER = "com.doyeonjeong.SwiftUI-MVVM-Test";
				PRODUCT_NAME = "$(TARGET_NAME)";
				SWIFT_EMIT_LOC_STRINGS = YES;
				SWIFT_VERSION = 5.0;
				TARGETED_DEVICE_FAMILY = "1,2";
			};
			name = Debug;
		};
		8F19B66229C93B4600EF6F85 /* Release */ = {
			isa = XCBuildConfiguration;
			buildSettings = {
				ASSETCATALOG_COMPILER_APPICON_NAME = AppIcon;
				ASSETCATALOG_COMPILER_GLOBAL_ACCENT_COLOR_NAME = AccentColor;
				CODE_SIGN_STYLE = Automatic;
				CURRENT_PROJECT_VERSION = 1;
				DEVELOPMENT_ASSET_PATHS = "\"SwiftUI-MVVM-Test/Preview Content\"";
				DEVELOPMENT_TEAM = 62SDS28JUT;
				ENABLE_PREVIEWS = YES;
				GENERATE_INFOPLIST_FILE = YES;
				INFOPLIST_KEY_UIApplicationSceneManifest_Generation = YES;
				INFOPLIST_KEY_UIApplicationSupportsIndirectInputEvents = YES;
				INFOPLIST_KEY_UILaunchScreen_Generation = YES;
				INFOPLIST_KEY_UISupportedInterfaceOrientations_iPad = "UIInterfaceOrientationPortrait UIInterfaceOrientationPortraitUpsideDown UIInterfaceOrientationLandscapeLeft UIInterfaceOrientationLandscapeRight";
				INFOPLIST_KEY_UISupportedInterfaceOrientations_iPhone = "UIInterfaceOrientationPortrait UIInterfaceOrientationLandscapeLeft UIInterfaceOrientationLandscapeRight";
				LD_RUNPATH_SEARCH_PATHS = (
					"$(inherited)",
					"@executable_path/Frameworks",
				);
				MARKETING_VERSION = 1.0;
				PRODUCT_BUNDLE_IDENTIFIER = "com.doyeonjeong.SwiftUI-MVVM-Test";
				PRODUCT_NAME = "$(TARGET_NAME)";
				SWIFT_EMIT_LOC_STRINGS = YES;
				SWIFT_VERSION = 5.0;
				TARGETED_DEVICE_FAMILY = "1,2";
			};
			name = Release;
		};
/* End XCBuildConfiguration section */

/* Begin XCConfigurationList section */
		8F19B64D29C93B4400EF6F85 /* Build configuration list for PBXProject "SwiftUI-MVVM-Test" */ = {
			isa = XCConfigurationList;
			buildConfigurations = (
				8F19B65E29C93B4600EF6F85 /* Debug */,
				8F19B65F29C93B4600EF6F85 /* Release */,
			);
			defaultConfigurationIsVisible = 0;
			defaultConfigurationName = Release;
		};
		8F19B66029C93B4600EF6F85 /* Build configuration list for PBXNativeTarget "SwiftUI-MVVM-Test" */ = {
			isa = XCConfigurationList;
			buildConfigurations = (
				8F19B66129C93B4600EF6F85 /* Debug */,
				8F19B66229C93B4600EF6F85 /* Release */,
			);
			defaultConfigurationIsVisible = 0;
			defaultConfigurationName = Release;
		};
/* End XCConfigurationList section */
	};
	rootObject = 8F19B64A29C93B4400EF6F85 /* Project object */;
}
